PODS:
  - bonsoir_darwin (0.0.1):
    - Flutter
    - FlutterMacOS
  - Flutter (1.0.0)
  - flutter_image_compress_common (1.0.0):
    - Flutter
    - Mantle
    - SDWebImage
    - SDWebImageWebPCoder
  - flutter_local_notifications (0.0.1):
    - Flutter
  - flutter_secure_storage (6.0.0):
    - Flutter
  - FMDB/Core (2.7.12)
  - FMDB/SQLCipher (2.7.12):
    - FMDB/Core
    - SQLCipher (~> 4.6)
  - GoMknoon (0.1.0)
  - GoMknoonNSE (0.1.0)
  - libwebp (1.5.0):
    - libwebp/demux (= 1.5.0)
    - libwebp/mux (= 1.5.0)
    - libwebp/sharpyuv (= 1.5.0)
    - libwebp/webp (= 1.5.0)
  - libwebp/demux (1.5.0):
    - libwebp/webp
  - libwebp/mux (1.5.0):
    - libwebp/demux
  - libwebp/sharpyuv (1.5.0)
  - libwebp/webp (1.5.0):
    - libwebp/sharpyuv
  - Mantle (2.2.0):
    - Mantle/extobjc (= 2.2.0)
  - Mantle/extobjc (2.2.0)
  - receive_sharing_intent (1.8.1):
    - Flutter
  - record_darwin (1.0.0):
    - Flutter
  - SDWebImage (5.21.6):
    - SDWebImage/Core (= 5.21.6)
  - SDWebImage/Core (5.21.6)
  - SDWebImageWebPCoder (0.15.0):
    - libwebp (~> 1.0)
    - SDWebImage/Core (~> 5.17)
  - sqflite_sqlcipher (0.0.1):
    - Flutter
    - FMDB/SQLCipher (~> 2.7.5)
    - SQLCipher (= 4.10.0)
  - SQLCipher (4.10.0):
    - SQLCipher/standard (= 4.10.0)
  - SQLCipher/common (4.10.0)
  - SQLCipher/standard (4.10.0):
    - SQLCipher/common
  - sqlcipher_flutter_libs (0.0.1):
    - Flutter
    - SQLCipher (~> 4.10.0)
  - video_compress (0.3.0):
    - Flutter

DEPENDENCIES:
  - bonsoir_darwin (from `.symlinks/plugins/bonsoir_darwin/darwin`)
  - Flutter (from `Flutter`)
  - flutter_image_compress_common (from `.symlinks/plugins/flutter_image_compress_common/ios`)
  - flutter_local_notifications (from `.symlinks/plugins/flutter_local_notifications/ios`)
  - flutter_secure_storage (from `.symlinks/plugins/flutter_secure_storage/ios`)
  - GoMknoon (from `.`)
  - GoMknoonNSE (from `.`)
  - receive_sharing_intent (from `.symlinks/plugins/receive_sharing_intent/ios`)
  - record_darwin (from `.symlinks/plugins/record_darwin/ios`)
  - sqflite_sqlcipher (from `.symlinks/plugins/sqflite_sqlcipher/ios`)
  - sqlcipher_flutter_libs (from `.symlinks/plugins/sqlcipher_flutter_libs/ios`)
  - video_compress (from `.symlinks/plugins/video_compress/ios`)

SPEC REPOS:
  trunk:
    - FMDB
    - libwebp
    - Mantle
    - SDWebImage
    - SDWebImageWebPCoder
    - SQLCipher

EXTERNAL SOURCES:
  bonsoir_darwin:
    :path: ".symlinks/plugins/bonsoir_darwin/darwin"
  Flutter:
    :path: Flutter
  flutter_image_compress_common:
    :path: ".symlinks/plugins/flutter_image_compress_common/ios"
  flutter_local_notifications:
    :path: ".symlinks/plugins/flutter_local_notifications/ios"
  flutter_secure_storage:
    :path: ".symlinks/plugins/flutter_secure_storage/ios"
  GoMknoon:
    :path: "."
  GoMknoonNSE:
    :path: "."
  receive_sharing_intent:
    :path: ".symlinks/plugins/receive_sharing_intent/ios"
  record_darwin:
    :path: ".symlinks/plugins/record_darwin/ios"
  sqflite_sqlcipher:
    :path: ".symlinks/plugins/sqflite_sqlcipher/ios"
  sqlcipher_flutter_libs:
    :path: ".symlinks/plugins/sqlcipher_flutter_libs/ios"
  video_compress:
    :path: ".symlinks/plugins/video_compress/ios"

SPEC CHECKSUMS:
  bonsoir_darwin: 29c7ccf356646118844721f36e1de4b61f6cbd0e
  Flutter: 71a624a5bc0c04062bf19101d501e466baf2fb47
  flutter_image_compress_common: 1697a328fd72bfb335507c6bca1a65fa5ad87df1
  flutter_local_notifications: 395056b3175ba4f08480a7c5de30cd36d69827e4
  flutter_secure_storage: 1ed9476fba7e7a782b22888f956cce43e2c62f13
  FMDB: 728731dd336af3936ce00f91d9d8495f5718a0e6
  GoMknoon: 4e5c0a4c6f50ada9d1d6a92652cce57cd97bd44e
  GoMknoonNSE: 4e4b936205b0598a998ae165ec2251b43bfb59b3
  libwebp: 02b23773aedb6ff1fd38cec7a77b81414c6842a8
  Mantle: c5aa8794a29a022dfbbfc9799af95f477a69b62d
  receive_sharing_intent: 222384f00ffe7e952bbfabaa9e3967cb87e5fe00
  record_darwin: fb1f375f1d9603714f55b8708a903bbb91ffdb0a
  SDWebImage: 1bb6a1b84b6fe87b972a102bdc77dd589df33477
  SDWebImageWebPCoder: 0e06e365080397465cc73a7a9b472d8a3bd0f377
  sqflite_sqlcipher: 8e5bdaae6b2c254f8a277a564f07bc4e2a8642a3
  SQLCipher: eb79c64049cb002b4e9fcb30edb7979bf4706dfc
  sqlcipher_flutter_libs: ae224763b087bffb3a5955fe295a1c460d458cb1
  video_compress: f2133a07762889d67f0711ac831faa26f956980e

PODFILE CHECKSUM: 210d4d64798bc6de445a480a1c9ccae4f9b087df

COCOAPODS: 1.16.2
